// !$*UTF8*$!
{
	archiveVersion = 1;
	classes = {
	};
	objectVersion = 50;
	objects = {

/* Begin PBXBuildFile section */
		201AE1DF268EB75A007B0A0F /* TCAbstractList.m in Sources */ = {isa = PBXBuildFile; fileRef = 201AE1DE268EB75A007B0A0F /* TCAbstractList.m */; };
		201AE1E2268EB892007B0A0F /* TCSingleLinkedList.m in Sources */ = {isa = PBXBuildFile; fileRef = 201AE1E1268EB892007B0A0F /* TCSingleLinkedList.m */; };
		2025B541267C32CD00B3AE72 /* AppDelegate.m in Sources */ = {isa = PBXBuildFile; fileRef = 2025B540267C32CD00B3AE72 /* AppDelegate.m */; };
		2025B544267C32CD00B3AE72 /* SceneDelegate.m in Sources */ = {isa = PBXBuildFile; fileRef = 2025B543267C32CD00B3AE72 /* SceneDelegate.m */; };
		2025B547267C32CD00B3AE72 /* ViewController.m in Sources */ = {isa = PBXBuildFile; fileRef = 2025B546267C32CD00B3AE72 /* ViewController.m */; };
		2025B54A267C32CD00B3AE72 /* Main.storyboard in Resources */ = {isa = PBXBuildFile; fileRef = 2025B548267C32CD00B3AE72 /* Main.storyboard */; };
		2025B54C267C32D000B3AE72 /* Assets.xcassets in Resources */ = {isa = PBXBuildFile; fileRef = 2025B54B267C32D000B3AE72 /* Assets.xcassets */; };
		2025B54F267C32D000B3AE72 /* LaunchScreen.storyboard in Resources */ = {isa = PBXBuildFile; fileRef = 2025B54D267C32D000B3AE72 /* LaunchScreen.storyboard */; };
		2025B552267C32D000B3AE72 /* main.m in Sources */ = {isa = PBXBuildFile; fileRef = 2025B551267C32D000B3AE72 /* main.m */; };
		2025B55C267C340300B3AE72 /* TCStack.m in Sources */ = {isa = PBXBuildFile; fileRef = 2025B55B267C340300B3AE72 /* TCStack.m */; };
		2034A0D326929D5C0058CB6E /* TCLinkedList.m in Sources */ = {isa = PBXBuildFile; fileRef = 2034A0D226929D5C0058CB6E /* TCLinkedList.m */; };
		2034A0E32693E50F0058CB6E /* TCSingleCircleLinkedList.m in Sources */ = {isa = PBXBuildFile; fileRef = 2034A0E12693E50F0058CB6E /* TCSingleCircleLinkedList.m */; };
		206263222696F59C0057B8E5 /* TCCircleLinkedList.m in Sources */ = {isa = PBXBuildFile; fileRef = 206263212696F59C0057B8E5 /* TCCircleLinkedList.m */; };
/* End PBXBuildFile section */

/* Begin PBXFileReference section */
		201AE1DD268EB75A007B0A0F /* TCAbstractList.h */ = {isa = PBXFileReference; lastKnownFileType = sourcecode.c.h; path = TCAbstractList.h; sourceTree = "<group>"; };
		201AE1DE268EB75A007B0A0F /* TCAbstractList.m */ = {isa = PBXFileReference; lastKnownFileType = sourcecode.c.objc; path = TCAbstractList.m; sourceTree = "<group>"; };
		201AE1E0268EB892007B0A0F /* TCSingleLinkedList.h */ = {isa = PBXFileReference; lastKnownFileType = sourcecode.c.h; path = TCSingleLinkedList.h; sourceTree = "<group>"; };
		201AE1E1268EB892007B0A0F /* TCSingleLinkedList.m */ = {isa = PBXFileReference; lastKnownFileType = sourcecode.c.objc; path = TCSingleLinkedList.m; sourceTree = "<group>"; };
		2025B53C267C32CD00B3AE72 /* TCDataStructure.app */ = {isa = PBXFileReference; explicitFileType = wrapper.application; includeInIndex = 0; path = TCDataStructure.app; sourceTree = BUILT_PRODUCTS_DIR; };
		2025B53F267C32CD00B3AE72 /* AppDelegate.h */ = {isa = PBXFileReference; lastKnownFileType = sourcecode.c.h; path = AppDelegate.h; sourceTree = "<group>"; };
		2025B540267C32CD00B3AE72 /* AppDelegate.m */ = {isa = PBXFileReference; lastKnownFileType = sourcecode.c.objc; path = AppDelegate.m; sourceTree = "<group>"; };
		2025B542267C32CD00B3AE72 /* SceneDelegate.h */ = {isa = PBXFileReference; lastKnownFileType = sourcecode.c.h; path = SceneDelegate.h; sourceTree = "<group>"; };
		2025B543267C32CD00B3AE72 /* SceneDelegate.m */ = {isa = PBXFileReference; lastKnownFileType = sourcecode.c.objc; path = SceneDelegate.m; sourceTree = "<group>"; };
		2025B545267C32CD00B3AE72 /* ViewController.h */ = {isa = PBXFileReference; lastKnownFileType = sourcecode.c.h; path = ViewController.h; sourceTree = "<group>"; };
		2025B546267C32CD00B3AE72 /* ViewController.m */ = {isa = PBXFileReference; lastKnownFileType = sourcecode.c.objc; path = ViewController.m; sourceTree = "<group>"; };
		2025B549267C32CD00B3AE72 /* Base */ = {isa = PBXFileReference; lastKnownFileType = file.storyboard; name = Base; path = Base.lproj/Main.storyboard; sourceTree = "<group>"; };
		2025B54B267C32D000B3AE72 /* Assets.xcassets */ = {isa = PBXFileReference; lastKnownFileType = folder.assetcatalog; path = Assets.xcassets; sourceTree = "<group>"; };
		2025B54E267C32D000B3AE72 /* Base */ = {isa = PBXFileReference; lastKnownFileType = file.storyboard; name = Base; path = Base.lproj/LaunchScreen.storyboard; sourceTree = "<group>"; };
		2025B550267C32D000B3AE72 /* Info.plist */ = {isa = PBXFileReference; lastKnownFileType = text.plist.xml; path = Info.plist; sourceTree = "<group>"; };
		2025B551267C32D000B3AE72 /* main.m */ = {isa = PBXFileReference; lastKnownFileType = sourcecode.c.objc; path = main.m; sourceTree = "<group>"; };
		2025B55A267C340300B3AE72 /* TCStack.h */ = {isa = PBXFileReference; lastKnownFileType = sourcecode.c.h; path = TCStack.h; sourceTree = "<group>"; };
		2025B55B267C340300B3AE72 /* TCStack.m */ = {isa = PBXFileReference; lastKnownFileType = sourcecode.c.objc; path = TCStack.m; sourceTree = "<group>"; };
		2034A0D126929D5C0058CB6E /* TCLinkedList.h */ = {isa = PBXFileReference; fileEncoding = 4; lastKnownFileType = sourcecode.c.h; path = TCLinkedList.h; sourceTree = "<group>"; };
		2034A0D226929D5C0058CB6E /* TCLinkedList.m */ = {isa = PBXFileReference; fileEncoding = 4; lastKnownFileType = sourcecode.c.objc; path = TCLinkedList.m; sourceTree = "<group>"; };
		2034A0E12693E50F0058CB6E /* TCSingleCircleLinkedList.m */ = {isa = PBXFileReference; fileEncoding = 4; lastKnownFileType = sourcecode.c.objc; path = TCSingleCircleLinkedList.m; sourceTree = "<group>"; };
		2034A0E22693E50F0058CB6E /* TCSingleCircleLinkedList.h */ = {isa = PBXFileReference; fileEncoding = 4; lastKnownFileType = sourcecode.c.h; path = TCSingleCircleLinkedList.h; sourceTree = "<group>"; };
		206263202696F59C0057B8E5 /* TCCircleLinkedList.h */ = {isa = PBXFileReference; lastKnownFileType = sourcecode.c.h; path = TCCircleLinkedList.h; sourceTree = "<group>"; };
		206263212696F59C0057B8E5 /* TCCircleLinkedList.m */ = {isa = PBXFileReference; lastKnownFileType = sourcecode.c.objc; path = TCCircleLinkedList.m; sourceTree = "<group>"; };
/* End PBXFileReference section */

/* Begin PBXFrameworksBuildPhase section */
		2025B539267C32CD00B3AE72 /* Frameworks */ = {
			isa = PBXFrameworksBuildPhase;
			buildActionMask = 2147483647;
			files = (
			);
			runOnlyForDeploymentPostprocessing = 0;
		};
/* End PBXFrameworksBuildPhase section */

/* Begin PBXGroup section */
		201AE1DC268EB730007B0A0F /* List */ = {
			isa = PBXGroup;
			children = (
				2034A0D126929D5C0058CB6E /* TCLinkedList.h */,
				2034A0D226929D5C0058CB6E /* TCLinkedList.m */,
				201AE1DD268EB75A007B0A0F /* TCAbstractList.h */,
				201AE1DE268EB75A007B0A0F /* TCAbstractList.m */,
				201AE1E0268EB892007B0A0F /* TCSingleLinkedList.h */,
				201AE1E1268EB892007B0A0F /* TCSingleLinkedList.m */,
				2034A0E22693E50F0058CB6E /* TCSingleCircleLinkedList.h */,
				2034A0E12693E50F0058CB6E /* TCSingleCircleLinkedList.m */,
				206263202696F59C0057B8E5 /* TCCircleLinkedList.h */,
				206263212696F59C0057B8E5 /* TCCircleLinkedList.m */,
			);
			path = List;
			sourceTree = "<group>";
		};
		2025B533267C32CD00B3AE72 = {
			isa = PBXGroup;
			children = (
				2025B53E267C32CD00B3AE72 /* TCDataStructure */,
				2025B53D267C32CD00B3AE72 /* Products */,
			);
			sourceTree = "<group>";
		};
		2025B53D267C32CD00B3AE72 /* Products */ = {
			isa = PBXGroup;
			children = (
				2025B53C267C32CD00B3AE72 /* TCDataStructure.app */,
			);
			name = Products;
			sourceTree = "<group>";
		};
		2025B53E267C32CD00B3AE72 /* TCDataStructure */ = {
			isa = PBXGroup;
			children = (
				2025B558267C335100B3AE72 /* Main */,
				2025B53F267C32CD00B3AE72 /* AppDelegate.h */,
				2025B540267C32CD00B3AE72 /* AppDelegate.m */,
				2025B542267C32CD00B3AE72 /* SceneDelegate.h */,
				2025B543267C32CD00B3AE72 /* SceneDelegate.m */,
				2025B545267C32CD00B3AE72 /* ViewController.h */,
				2025B546267C32CD00B3AE72 /* ViewController.m */,
				2025B548267C32CD00B3AE72 /* Main.storyboard */,
				2025B54B267C32D000B3AE72 /* Assets.xcassets */,
				2025B54D267C32D000B3AE72 /* LaunchScreen.storyboard */,
				2025B550267C32D000B3AE72 /* Info.plist */,
				2025B551267C32D000B3AE72 /* main.m */,
			);
			path = TCDataStructure;
			sourceTree = "<group>";
		};
		2025B558267C335100B3AE72 /* Main */ = {
			isa = PBXGroup;
			children = (
				2025B559267C335100B3AE72 /* Class */,
			);
			path = Main;
			sourceTree = "<group>";
		};
		2025B559267C335100B3AE72 /* Class */ = {
			isa = PBXGroup;
			children = (
				201AE1DC268EB730007B0A0F /* List */,
				2025B55A267C340300B3AE72 /* TCStack.h */,
				2025B55B267C340300B3AE72 /* TCStack.m */,
			);
			path = Class;
			sourceTree = "<group>";
		};
/* End PBXGroup section */

/* Begin PBXNativeTarget section */
		2025B53B267C32CD00B3AE72 /* TCDataStructure */ = {
			isa = PBXNativeTarget;
			buildConfigurationList = 2025B555267C32D000B3AE72 /* Build configuration list for PBXNativeTarget "TCDataStructure" */;
			buildPhases = (
				2025B538267C32CD00B3AE72 /* Sources */,
				2025B539267C32CD00B3AE72 /* Frameworks */,
				2025B53A267C32CD00B3AE72 /* Resources */,
			);
			buildRules = (
			);
			dependencies = (
			);
			name = TCDataStructure;
			productName = TCDataStructure;
			productReference = 2025B53C267C32CD00B3AE72 /* TCDataStructure.app */;
			productType = "com.apple.product-type.application";
		};
/* End PBXNativeTarget section */

/* Begin PBXProject section */
		2025B534267C32CD00B3AE72 /* Project object */ = {
			isa = PBXProject;
			attributes = {
				LastUpgradeCheck = 1130;
				ORGANIZATIONNAME = tangchao;
				TargetAttributes = {
					2025B53B267C32CD00B3AE72 = {
						CreatedOnToolsVersion = 11.3;
					};
				};
			};
			buildConfigurationList = 2025B537267C32CD00B3AE72 /* Build configuration list for PBXProject "TCDataStructure" */;
			compatibilityVersion = "Xcode 9.3";
			developmentRegion = en;
			hasScannedForEncodings = 0;
			knownRegions = (
				en,
				Base,
			);
			mainGroup = 2025B533267C32CD00B3AE72;
			productRefGroup = 2025B53D267C32CD00B3AE72 /* Products */;
			projectDirPath = "";
			projectRoot = "";
			targets = (
				2025B53B267C32CD00B3AE72 /* TCDataStructure */,
			);
		};
/* End PBXProject section */

/* Begin PBXResourcesBuildPhase section */
		2025B53A267C32CD00B3AE72 /* Resources */ = {
			isa = PBXResourcesBuildPhase;
			buildActionMask = 2147483647;
			files = (
				2025B54F267C32D000B3AE72 /* LaunchScreen.storyboard in Resources */,
				2025B54C267C32D000B3AE72 /* Assets.xcassets in Resources */,
				2025B54A267C32CD00B3AE72 /* Main.storyboard in Resources */,
			);
			runOnlyForDeploymentPostprocessing = 0;
		};
/* End PBXResourcesBuildPhase section */

/* Begin PBXSourcesBuildPhase section */
		2025B538267C32CD00B3AE72 /* Sources */ = {
			isa = PBXSourcesBuildPhase;
			buildActionMask = 2147483647;
			files = (
				2025B547267C32CD00B3AE72 /* ViewController.m in Sources */,
				2025B55C267C340300B3AE72 /* TCStack.m in Sources */,
				2034A0E32693E50F0058CB6E /* TCSingleCircleLinkedList.m in Sources */,
				201AE1DF268EB75A007B0A0F /* TCAbstractList.m in Sources */,
				2034A0D326929D5C0058CB6E /* TCLinkedList.m in Sources */,
				2025B541267C32CD00B3AE72 /* AppDelegate.m in Sources */,
				2025B552267C32D000B3AE72 /* main.m in Sources */,
				206263222696F59C0057B8E5 /* TCCircleLinkedList.m in Sources */,
				2025B544267C32CD00B3AE72 /* SceneDelegate.m in Sources */,
				201AE1E2268EB892007B0A0F /* TCSingleLinkedList.m in Sources */,
			);
			runOnlyForDeploymentPostprocessing = 0;
		};
/* End PBXSourcesBuildPhase section */

/* Begin PBXVariantGroup section */
		2025B548267C32CD00B3AE72 /* Main.storyboard */ = {
			isa = PBXVariantGroup;
			children = (
				2025B549267C32CD00B3AE72 /* Base */,
			);
			name = Main.storyboard;
			sourceTree = "<group>";
		};
		2025B54D267C32D000B3AE72 /* LaunchScreen.storyboard */ = {
			isa = PBXVariantGroup;
			children = (
				2025B54E267C32D000B3AE72 /* Base */,
			);
			name = LaunchScreen.storyboard;
			sourceTree = "<group>";
		};
/* End PBXVariantGroup section */

/* Begin XCBuildConfiguration section */
		2025B553267C32D000B3AE72 /* Debug */ = {
			isa = XCBuildConfiguration;
			buildSettings = {
				ALWAYS_SEARCH_USER_PATHS = NO;
				CLANG_ANALYZER_NONNULL = YES;
				CLANG_ANALYZER_NUMBER_OBJECT_CONVERSION = YES_AGGRESSIVE;
				CLANG_CXX_LANGUAGE_STANDARD = "gnu++14";
				CLANG_CXX_LIBRARY = "libc++";
				CLANG_ENABLE_MODULES = YES;
				CLANG_ENABLE_OBJC_ARC = YES;
				CLANG_ENABLE_OBJC_WEAK = YES;
				CLANG_WARN_BLOCK_CAPTURE_AUTORELEASING = YES;
				CLANG_WARN_BOOL_CONVERSION = YES;
				CLANG_WARN_COMMA = YES;
				CLANG_WARN_CONSTANT_CONVERSION = YES;
				CLANG_WARN_DEPRECATED_OBJC_IMPLEMENTATIONS = YES;
				CLANG_WARN_DIRECT_OBJC_ISA_USAGE = YES_ERROR;
				CLANG_WARN_DOCUMENTATION_COMMENTS = YES;
				CLANG_WARN_EMPTY_BODY = YES;
				CLANG_WARN_ENUM_CONVERSION = YES;
				CLANG_WARN_INFINITE_RECURSION = YES;
				CLANG_WARN_INT_CONVERSION = YES;
				CLANG_WARN_NON_LITERAL_NULL_CONVERSION = YES;
				CLANG_WARN_OBJC_IMPLICIT_RETAIN_SELF = YES;
				CLANG_WARN_OBJC_LITERAL_CONVERSION = YES;
				CLANG_WARN_OBJC_ROOT_CLASS = YES_ERROR;
				CLANG_WARN_RANGE_LOOP_ANALYSIS = YES;
				CLANG_WARN_STRICT_PROTOTYPES = YES;
				CLANG_WARN_SUSPICIOUS_MOVE = YES;
				CLANG_WARN_UNGUARDED_AVAILABILITY = YES_AGGRESSIVE;
				CLANG_WARN_UNREACHABLE_CODE = YES;
				CLANG_WARN__DUPLICATE_METHOD_MATCH = YES;
				COPY_PHASE_STRIP = NO;
				DEBUG_INFORMATION_FORMAT = dwarf;
				ENABLE_STRICT_OBJC_MSGSEND = YES;
				ENABLE_TESTABILITY = YES;
				GCC_C_LANGUAGE_STANDARD = gnu11;
				GCC_DYNAMIC_NO_PIC = NO;
				GCC_NO_COMMON_BLOCKS = YES;
				GCC_OPTIMIZATION_LEVEL = 0;
				GCC_PREPROCESSOR_DEFINITIONS = (
					"DEBUG=1",
					"$(inherited)",
				);
				GCC_WARN_64_TO_32_BIT_CONVERSION = YES;
				GCC_WARN_ABOUT_RETURN_TYPE = YES_ERROR;
				GCC_WARN_UNDECLARED_SELECTOR = YES;
				GCC_WARN_UNINITIALIZED_AUTOS = YES_AGGRESSIVE;
				GCC_WARN_UNUSED_FUNCTION = YES;
				GCC_WARN_UNUSED_VARIABLE = YES;
				IPHONEOS_DEPLOYMENT_TARGET = 13.2;
				MTL_ENABLE_DEBUG_INFO = INCLUDE_SOURCE;
				MTL_FAST_MATH = YES;
				ONLY_ACTIVE_ARCH = YES;
				SDKROOT = iphoneos;
			};
			name = Debug;
		};
		2025B554267C32D000B3AE72 /* Release */ = {
			isa = XCBuildConfiguration;
			buildSettings = {
				ALWAYS_SEARCH_USER_PATHS = NO;
				CLANG_ANALYZER_NONNULL = YES;
				CLANG_ANALYZER_NUMBER_OBJECT_CONVERSION = YES_AGGRESSIVE;
				CLANG_CXX_LANGUAGE_STANDARD = "gnu++14";
				CLANG_CXX_LIBRARY = "libc++";
				CLANG_ENABLE_MODULES = YES;
				CLANG_ENABLE_OBJC_ARC = YES;
				CLANG_ENABLE_OBJC_WEAK = YES;
				CLANG_WARN_BLOCK_CAPTURE_AUTORELEASING = YES;
				CLANG_WARN_BOOL_CONVERSION = YES;
				CLANG_WARN_COMMA = YES;
				CLANG_WARN_CONSTANT_CONVERSION = YES;
				CLANG_WARN_DEPRECATED_OBJC_IMPLEMENTATIONS = YES;
				CLANG_WARN_DIRECT_OBJC_ISA_USAGE = YES_ERROR;
				CLANG_WARN_DOCUMENTATION_COMMENTS = YES;
				CLANG_WARN_EMPTY_BODY = YES;
				CLANG_WARN_ENUM_CONVERSION = YES;
				CLANG_WARN_INFINITE_RECURSION = YES;
				CLANG_WARN_INT_CONVERSION = YES;
				CLANG_WARN_NON_LITERAL_NULL_CONVERSION = YES;
				CLANG_WARN_OBJC_IMPLICIT_RETAIN_SELF = YES;
				CLANG_WARN_OBJC_LITERAL_CONVERSION = YES;
				CLANG_WARN_OBJC_ROOT_CLASS = YES_ERROR;
				CLANG_WARN_RANGE_LOOP_ANALYSIS = YES;
				CLANG_WARN_STRICT_PROTOTYPES = YES;
				CLANG_WARN_SUSPICIOUS_MOVE = YES;
				CLANG_WARN_UNGUARDED_AVAILABILITY = YES_AGGRESSIVE;
				CLANG_WARN_UNREACHABLE_CODE = YES;
				CLANG_WARN__DUPLICATE_METHOD_MATCH = YES;
				COPY_PHASE_STRIP = NO;
				DEBUG_INFORMATION_FORMAT = "dwarf-with-dsym";
				ENABLE_NS_ASSERTIONS = NO;
				ENABLE_STRICT_OBJC_MSGSEND = YES;
				GCC_C_LANGUAGE_STANDARD = gnu11;
				GCC_NO_COMMON_BLOCKS = YES;
				GCC_WARN_64_TO_32_BIT_CONVERSION = YES;
				GCC_WARN_ABOUT_RETURN_TYPE = YES_ERROR;
				GCC_WARN_UNDECLARED_SELECTOR = YES;
				GCC_WARN_UNINITIALIZED_AUTOS = YES_AGGRESSIVE;
				GCC_WARN_UNUSED_FUNCTION = YES;
				GCC_WARN_UNUSED_VARIABLE = YES;
				IPHONEOS_DEPLOYMENT_TARGET = 13.2;
				MTL_ENABLE_DEBUG_INFO = NO;
				MTL_FAST_MATH = YES;
				SDKROOT = iphoneos;
				VALIDATE_PRODUCT = YES;
			};
			name = Release;
		};
		2025B556267C32D000B3AE72 /* Debug */ = {
			isa = XCBuildConfiguration;
			buildSettings = {
				ASSETCATALOG_COMPILER_APPICON_NAME = AppIcon;
				CODE_SIGN_STYLE = Automatic;
				INFOPLIST_FILE = TCDataStructure/Info.plist;
				IPHONEOS_DEPLOYMENT_TARGET = 9.0;
				LD_RUNPATH_SEARCH_PATHS = (
					"$(inherited)",
					"@executable_path/Frameworks",
				);
				PRODUCT_BUNDLE_IDENTIFIER = Belin.TCDataStructure;
				PRODUCT_NAME = "$(TARGET_NAME)";
				TARGETED_DEVICE_FAMILY = "1,2";
			};
			name = Debug;
		};
		2025B557267C32D000B3AE72 /* Release */ = {
			isa = XCBuildConfiguration;
			buildSettings = {
				ASSETCATALOG_COMPILER_APPICON_NAME = AppIcon;
				CODE_SIGN_STYLE = Automatic;
				INFOPLIST_FILE = TCDataStructure/Info.plist;
				IPHONEOS_DEPLOYMENT_TARGET = 9.0;
				LD_RUNPATH_SEARCH_PATHS = (
					"$(inherited)",
					"@executable_path/Frameworks",
				);
				PRODUCT_BUNDLE_IDENTIFIER = Belin.TCDataStructure;
				PRODUCT_NAME = "$(TARGET_NAME)";
				TARGETED_DEVICE_FAMILY = "1,2";
			};
			name = Release;
		};
/* End XCBuildConfiguration section */

/* Begin XCConfigurationList section */
		2025B537267C32CD00B3AE72 /* Build configuration list for PBXProject "TCDataStructure" */ = {
			isa = XCConfigurationList;
			buildConfigurations = (
				2025B553267C32D000B3AE72 /* Debug */,
				2025B554267C32D000B3AE72 /* Release */,
			);
			defaultConfigurationIsVisible = 0;
			defaultConfigurationName = Release;
		};
		2025B555267C32D000B3AE72 /* Build configuration list for PBXNativeTarget "TCDataStructure" */ = {
			isa = XCConfigurationList;
			buildConfigurations = (
				2025B556267C32D000B3AE72 /* Debug */,
				2025B557267C32D000B3AE72 /* Release */,
			);
			defaultConfigurationIsVisible = 0;
			defaultConfigurationName = Release;
		};
/* End XCConfigurationList section */
	};
	rootObject = 2025B534267C32CD00B3AE72 /* Project object */;
}
